
Microsoft Visual Studio Solution File, Format Version 12.00
# Visual Studio Version 17
VisualStudioVersion = 17.10.35013.160
MinimumVisualStudioVersion = 10.0.40219.1
Project("{FAE04EC0-301F-11D3-BF4B-00C04F79EFBC}") = "Topic 1 - Assignment", "Topic 1 - Assignment\Topic 1 - Assignment.csproj", "{8CF2D683-4173-4189-94D0-4C062B8BD4D1}"
EndProject
Global
	GlobalSection(SolutionConfigurationPlatforms) = preSolution
		Debug|Any CPU = Debug|Any CPU
		Release|Any CPU = Release|Any CPU
	EndGlobalSection
	GlobalSection(ProjectConfigurationPlatforms) = postSolution
		{8CF2D683-4173-4189-94D0-4C062B8BD4D1}.Debug|Any CPU.ActiveCfg = Debug|Any CPU
		{8CF2D683-4173-4189-94D0-4C062B8BD4D1}.Debug|Any CPU.Build.0 = Debug|Any CPU
		{8CF2D683-4173-4189-94D0-4C062B8BD4D1}.Release|Any CPU.ActiveCfg = Release|Any CPU
		{8CF2D683-4173-4189-94D0-4C062B8BD4D1}.Release|Any CPU.Build.0 = Release|Any CPU
	EndGlobalSection
	GlobalSection(SolutionProperties) = preSolution
		HideSolutionNode = FALSE
	EndGlobalSection
	GlobalSection(ExtensibilityGlobals) = postSolution
		SolutionGuid = {3A7F273B-B08A-450D-9717-49F110F4FA11}
	EndGlobalSection
EndGlobal
